<?xml version="1.0" encoding="utf-8"?>
<Project ToolsVersion="4.0" xmlns="http://schemas.microsoft.com/developer/msbuild/2003">
  <ItemGroup>
    <Filter Include="Editor">
      <UniqueIdentifier>{C9BF96AB-D8A3-49B8-B20B-4680B90E7402}</UniqueIdentifier>
    </Filter>
    <Filter Include="Editor\Gizmos">
      <UniqueIdentifier>{E1A2B3C4-D5E6-7890-ABCD-EF1234567890}</UniqueIdentifier>
    </Filter>
    <Filter Include="Editor\UI">
      <UniqueIdentifier>{D2A02EA8-4D3D-45C2-BCDA-D44BE0D3C4B1}</UniqueIdentifier>
    </Filter>
    <Filter Include="Engine">
      <UniqueIdentifier>{A296CB04-0DAA-496A-8399-293A2B880853}</UniqueIdentifier>
    </Filter>
    <Filter Include="Engine\Application">
      <UniqueIdentifier>{586CDEE2-7C40-4783-8787-61A81D558608}</UniqueIdentifier>
    </Filter>
    <Filter Include="Engine\Audio">
      <UniqueIdentifier>{3E58DBDD-334E-4B20-B258-A95AAAA90C70}</UniqueIdentifier>
    </Filter>
    <Filter Include="Engine\Console">
      <UniqueIdentifier>{9315B5CB-8E8E-43F9-8B23-B7C6FE749814}</UniqueIdentifier>
    </Filter>
    <Filter Include="Core">
      <UniqueIdentifier>{B78E0A61-909B-4F5C-A05F-4DEFDE31BD22}</UniqueIdentifier>
    </Filter>
    <Filter Include="Core\Object">
      <UniqueIdentifier>{85A6A2C3-2F43-49A8-A471-73C5F5966CF4}</UniqueIdentifier>
    </Filter>
    <Filter Include="Engine\Event">
      <UniqueIdentifier>{A40215AC-BB45-4374-B795-20BBC53ACBDF}</UniqueIdentifier>
    </Filter>
    <Filter Include="Engine\ImGui">
      <UniqueIdentifier>{F5A6429A-96DA-4C13-96AD-ADDCE59A52F8}</UniqueIdentifier>
    </Filter>
    <Filter Include="Engine\Input">
      <UniqueIdentifier>{BDF5B220-91C8-4225-A7FB-97025589FB92}</UniqueIdentifier>
    </Filter>
    <Filter Include="Core\Math">
      <UniqueIdentifier>{5E941C45-B564-4D4E-974F-334B5426C836}</UniqueIdentifier>
    </Filter>
    <Filter Include="Engine\Render">
      <UniqueIdentifier>{ADF335F8-5225-4485-BBB0-B95D85004C63}</UniqueIdentifier>
    </Filter>
    <Filter Include="Core\Render">
      <UniqueIdentifier>{7E45D638-9B13-4C9B-8C34-3EAF042D604B}</UniqueIdentifier>
    </Filter>
    <Filter Include="Engine\Window">
      <UniqueIdentifier>{D18B34FA-A728-4D97-8A0A-06E38553F2F1}</UniqueIdentifier>
    </Filter>
    <Filter Include="EngineService">
      <UniqueIdentifier>{CCFE32C9-D746-4F7C-AC74-DDC44A39F06F}</UniqueIdentifier>
    </Filter>
    <Filter Include="Scene">
      <UniqueIdentifier>{1CCDAC95-AC80-40F2-86F6-637873E5CB3A}</UniqueIdentifier>
    </Filter>
    <Filter Include="Scene\3D">
      <UniqueIdentifier>{1E92DCC9-D8F0-4A48-B780-DC5358C2806E}</UniqueIdentifier>
    </Filter>
    <Filter Include="Scene\Core">
      <UniqueIdentifier>{4F21D01C-8451-4760-BDF2-F6E55D327144}</UniqueIdentifier>
    </Filter>
    <Filter Include="Scene\Import">
      <UniqueIdentifier>{4D6B3428-FC4F-4FAD-A9ED-F46B6CEC4C85}</UniqueIdentifier>
    </Filter>
    <Filter Include="Scene\Physics">
      <UniqueIdentifier>{F891985C-4CC9-4FDE-AA27-5E93A18234C3}</UniqueIdentifier>
    </Filter>
    <Filter Include="Scene\Resource">
      <UniqueIdentifier>{77706308-3EE6-4FBD-8150-603F627724BC}</UniqueIdentifier>
    </Filter>
    <Filter Include="ThirdParty">
      <UniqueIdentifier>{66728401-E569-487D-944D-3079E98658E6}</UniqueIdentifier>
    </Filter>
    <Filter Include="ThirdParty\FastNoiseLite">
      <UniqueIdentifier>{BAD439FE-56E9-4ED8-8F25-A545D0C14D9A}</UniqueIdentifier>
    </Filter>
    <Filter Include="ThirdParty\fmod">
      <UniqueIdentifier>{20D350C1-375B-4E4D-B4C9-136BF51037CC}</UniqueIdentifier>
    </Filter>
    <Filter Include="ThirdParty\GLFW">
      <UniqueIdentifier>{36662DE9-B2E1-4A65-B47B-3920E5C99886}</UniqueIdentifier>
    </Filter>
    <Filter Include="ThirdParty\imgui">
      <UniqueIdentifier>{CBE94843-C844-4E1C-9A54-AF578EDCCAEA}</UniqueIdentifier>
    </Filter>
    <Filter Include="ThirdParty\imgui\backends">
      <UniqueIdentifier>{A9416A4B-41DD-4FA0-9197-E48D957D7E4E}</UniqueIdentifier>
    </Filter>
    <Filter Include="ThirdParty\imgui\misc">
      <UniqueIdentifier>{39050CF9-A102-4BE3-B54D-164A0DB17B23}</UniqueIdentifier>
    </Filter>
    <Filter Include="ThirdParty\imgui\misc\cpp">
      <UniqueIdentifier>{FE9F3117-945C-467C-B4FB-53D3B457E76C}</UniqueIdentifier>
    </Filter>
    <Filter Include="ThirdParty\imgui\misc\freetype">
      <UniqueIdentifier>{A938F49C-D1BD-465C-BADE-EE9976797937}</UniqueIdentifier>
    </Filter>
    <Filter Include="ThirdParty\imgui\misc\single_file">
      <UniqueIdentifier>{EFFF3233-1DF7-4298-88EE-8C2B0E9BB2ED}</UniqueIdentifier>
    </Filter>
    <Filter Include="ThirdParty\nlohmann">
      <UniqueIdentifier>{098CD665-9AB9-48AE-8B65-7E7A417915C9}</UniqueIdentifier>
    </Filter>
    <Filter Include="ThirdParty\stb">
      <UniqueIdentifier>{715AE4F0-390D-426A-B464-54F19B000955}</UniqueIdentifier>
    </Filter>
    <Filter Include="ThirdParty\tinygltf">
      <UniqueIdentifier>{CC09BD3D-BCD5-4551-9561-D0C96895230A}</UniqueIdentifier>
    </Filter>
    <Filter Include="ThirdParty\tinyxml2">
      <UniqueIdentifier>{6AC4441D-6D65-46C5-8EA7-40EBD7945B73}</UniqueIdentifier>
    </Filter>
    <Filter Include="Engine\File">
      <UniqueIdentifier>{1253d6d0-59a2-44eb-a0a5-588b5fd0a140}</UniqueIdentifier>
    </Filter>
    <Filter Include="Engine\Script">
      <UniqueIdentifier>{1f8df884-bc4f-4a63-ba1c-1db40755e4bf}</UniqueIdentifier>
    </Filter>
    <Filter Include="ThirdParty\angelscript">
      <UniqueIdentifier>{bb021c98-3391-42c3-9fc8-39c5f21fb053}</UniqueIdentifier>
    </Filter>
    <Filter Include="ThirdParty\angelscript\include">
      <UniqueIdentifier>{5de93abd-2c1d-4b0b-a1df-e4d02d5cd212}</UniqueIdentifier>
    </Filter>
    <Filter Include="ThirdParty\angelscript\add_on">
      <UniqueIdentifier>{4ac293e3-9f54-4110-b98e-418b4f6659e7}</UniqueIdentifier>
    </Filter>
    <Filter Include="ThirdParty\nanosvg">
      <UniqueIdentifier>{2b809901-4de0-43c4-a57d-a424bb7b5b09}</UniqueIdentifier>
    </Filter>
  </ItemGroup>
  <ItemGroup>
    <ClCompile Include="Core\Clock.cpp">
      <Filter>Core</Filter>
    </ClCompile>
    <ClCompile Include="EngineService\DevConsole.cpp">
      <Filter>Engine\Console</Filter>
    </ClCompile>
    <ClCompile Include="Engine\Application\Engine.cpp">
      <Filter>Engine\Application</Filter>
    </ClCompile>
    <ClCompile Include="Engine\Application\EngineCommon.cpp">
      <Filter>Engine\Application</Filter>
    </ClCompile>
    <ClCompile Include="Engine\Application\SystemBase.cpp">
      <Filter>Engine\Application</Filter>
    </ClCompile>
    <ClCompile Include="Core\ErrorWarningAssert.cpp">
      <Filter>Core</Filter>
    </ClCompile>
    <ClCompile Include="Engine\Event\EventSystem.cpp">
      <Filter>Engine\Event</Filter>
    </ClCompile>
    <ClCompile Include="Engine\Render\HeatMaps.cpp">
      <Filter>Engine\Render</Filter>
    </ClCompile>
    <ClCompile Include="Core\Image.cpp">
      <Filter>Core</Filter>
    </ClCompile>
    <ClCompile Include="Core\NamedStrings.cpp">
      <Filter>Core</Filter>
    </ClCompile>
    <ClCompile Include="Core\Render\Rgba8.cpp">
      <Filter>Core\Render</Filter>
    </ClCompile>
    <ClCompile Include="Core\StringUtils.cpp">
      <Filter>Core</Filter>
    </ClCompile>
    <ClCompile Include="Core\Time.cpp">
      <Filter>Core</Filter>
    </ClCompile>
    <ClCompile Include="Core\Timer.cpp">
      <Filter>Core</Filter>
    </ClCompile>
    <ClCompile Include="Core\Render\Vertex.cpp">
      <Filter>Core\Render</Filter>
    </ClCompile>
    <ClCompile Include="Core\Render\VertexUtils.cpp">
      <Filter>Core\Render</Filter>
    </ClCompile>
    <ClCompile Include="Core\XmlUtils.cpp">
      <Filter>Core</Filter>
    </ClCompile>
    <ClCompile Include="Editor\EditorCamera.cpp">
      <Filter>Editor</Filter>
    </ClCompile>
    <ClCompile Include="Editor\EditorNode.cpp">
      <Filter>Editor</Filter>
    </ClCompile>
    <ClCompile Include="Editor\UI\CreateNodePanel.cpp">
      <Filter>Editor\UI</Filter>
    </ClCompile>
    <ClCompile Include="Editor\UI\EditorIcons.cpp">
      <Filter>Editor\UI</Filter>
    </ClCompile>
    <ClCompile Include="Editor\UI\EditorPanel.cpp">
      <Filter>Editor\UI</Filter>
    </ClCompile>
    <ClCompile Include="Editor\UI\EditorUI.cpp">
      <Filter>Editor\UI</Filter>
    </ClCompile>
    <ClCompile Include="Editor\UI\EditorUIWidgets.cpp">
      <Filter>Editor\UI</Filter>
    </ClCompile>
    <ClCompile Include="Editor\UI\FileSystemPanel.cpp">
      <Filter>Editor\UI</Filter>
    </ClCompile>
    <ClCompile Include="Editor\UI\ImportPanel.cpp">
      <Filter>Editor\UI</Filter>
    </ClCompile>
    <ClCompile Include="Editor\UI\InspectorPanel.cpp">
      <Filter>Editor\UI</Filter>
    </ClCompile>
    <ClCompile Include="Editor\UI\InspectorProperty.cpp">
      <Filter>Editor\UI</Filter>
    </ClCompile>
    <ClCompile Include="Editor\UI\OutputPanel.cpp">
      <Filter>Editor\UI</Filter>
    </ClCompile>
    <ClCompile Include="Editor\UI\ScenePanel.cpp">
      <Filter>Editor\UI</Filter>
    </ClCompile>
    <ClCompile Include="Editor\UI\ViewportPanel.cpp">
      <Filter>Editor\UI</Filter>
    </ClCompile>
    <ClCompile Include="Editor\Gizmos\GizmoComponent.cpp">
      <Filter>Editor\Gizmos</Filter>
    </ClCompile>
    <ClCompile Include="Editor\Gizmos\GizmoRaycastObject.cpp">
      <Filter>Editor\Gizmos</Filter>
    </ClCompile>
    <ClCompile Include="Editor\Gizmos\TransformGizmo3D.cpp">
      <Filter>Editor\Gizmos</Filter>
    </ClCompile>
    <ClCompile Include="Engine\ImGui\ImGuiSystem.cpp">
      <Filter>Engine\ImGui</Filter>
    </ClCompile>
    <ClCompile Include="Core\Math\AABB2.cpp">
      <Filter>Core\Math</Filter>
    </ClCompile>
    <ClCompile Include="Core\Math\AABB3.cpp">
      <Filter>Core\Math</Filter>
    </ClCompile>
    <ClCompile Include="Core\Math\Capsule2.cpp">
      <Filter>Core\Math</Filter>
    </ClCompile>
    <ClCompile Include="Core\Math\Capsule3.cpp">
      <Filter>Core\Math</Filter>
    </ClCompile>
    <ClCompile Include="Core\Math\Cylinder3.cpp">
      <Filter>Core\Math</Filter>
    </ClCompile>
    <ClCompile Include="Core\Math\CylinderZ3.cpp">
      <Filter>Core\Math</Filter>
    </ClCompile>
    <ClCompile Include="Core\Math\Disc2.cpp">
      <Filter>Core\Math</Filter>
    </ClCompile>
    <ClCompile Include="Core\Math\EulerAngles.cpp">
      <Filter>Core\Math</Filter>
    </ClCompile>
    <ClCompile Include="Core\Math\FloatRange.cpp">
      <Filter>Core\Math</Filter>
    </ClCompile>
    <ClCompile Include="Core\Math\IntRange.cpp">
      <Filter>Core\Math</Filter>
    </ClCompile>
    <ClCompile Include="Core\Math\IntVec2.cpp">
      <Filter>Core\Math</Filter>
    </ClCompile>
    <ClCompile Include="Core\Math\IntVec3.cpp">
      <Filter>Core\Math</Filter>
    </ClCompile>
    <ClCompile Include="Core\Math\LineSegment2.cpp">
      <Filter>Core\Math</Filter>
    </ClCompile>
    <ClCompile Include="Core\Math\MathCommon.cpp">
      <Filter>Core\Math</Filter>
    </ClCompile>
    <ClCompile Include="Core\Math\MathUtils.cpp">
      <Filter>Core\Math</Filter>
    </ClCompile>
    <ClCompile Include="Core\Math\Matrix4x4.cpp">
      <Filter>Core\Math</Filter>
    </ClCompile>
    <ClCompile Include="Core\Math\OBB2.cpp">
      <Filter>Core\Math</Filter>
    </ClCompile>
    <ClCompile Include="Core\Math\RandomNumberGenerator.cpp">
      <Filter>Core\Math</Filter>
    </ClCompile>
    <ClCompile Include="Core\Math\RaycastUtils.cpp">
      <Filter>Core\Math</Filter>
    </ClCompile>
    <ClCompile Include="Core\Math\Sphere3.cpp">
      <Filter>Core\Math</Filter>
    </ClCompile>
    <ClCompile Include="Core\Math\Triangle2.cpp">
      <Filter>Core\Math</Filter>
    </ClCompile>
    <ClCompile Include="Core\Math\Triangle3.cpp">
      <Filter>Core\Math</Filter>
    </ClCompile>
    <ClCompile Include="Core\Math\Vec2.cpp">
      <Filter>Core\Math</Filter>
    </ClCompile>
    <ClCompile Include="Core\Math\Vec3.cpp">
      <Filter>Core\Math</Filter>
    </ClCompile>
    <ClCompile Include="Core\Math\Vec4.cpp">
      <Filter>Core\Math</Filter>
    </ClCompile>
    <ClCompile Include="Engine\Audio\AudioSystem.cpp">
      <Filter>Engine\Audio</Filter>
    </ClCompile>
    <ClCompile Include="Engine\Input\AnalogJoystick.cpp">
      <Filter>Engine\Input</Filter>
    </ClCompile>
    <ClCompile Include="Engine\Input\InputSystem.cpp">
      <Filter>Engine\Input</Filter>
    </ClCompile>
    <ClCompile Include="Engine\Input\KeyboardState.cpp">
      <Filter>Engine\Input</Filter>
    </ClCompile>
    <ClCompile Include="Engine\Input\XboxController.cpp">
      <Filter>Engine\Input</Filter>
    </ClCompile>
    <ClCompile Include="Engine\Window\WindowSystem.cpp">
      <Filter>Engine\Window</Filter>
    </ClCompile>
    <ClCompile Include="Engine\Render\BitmapFont.cpp">
      <Filter>Engine\Render</Filter>
    </ClCompile>
    <ClCompile Include="Engine\Render\CameraContext.cpp">
      <Filter>Engine\Render</Filter>
    </ClCompile>
    <ClCompile Include="Engine\Render\ConstantBuffer.cpp">
      <Filter>Engine\Render</Filter>
    </ClCompile>
    <ClCompile Include="Engine\Render\D3D11RenderBackend.cpp">
      <Filter>Engine\Render</Filter>
    </ClCompile>
    <ClCompile Include="Engine\Render\DebugGizmos.cpp">
      <Filter>Engine\Render</Filter>
    </ClCompile>
    <ClCompile Include="Engine\Render\DebugObject.cpp">
      <Filter>Engine\Render</Filter>
    </ClCompile>
    <ClCompile Include="Engine\Render\IndexBuffer.cpp">
      <Filter>Engine\Render</Filter>
    </ClCompile>
    <ClCompile Include="Engine\Render\PostProcessChain.cpp">
      <Filter>Engine\Render</Filter>
    </ClCompile>
    <ClCompile Include="Engine\Render\Renderer.cpp">
      <Filter>Engine\Render</Filter>
    </ClCompile>
    <ClCompile Include="Engine\Render\Shader.cpp">
      <Filter>Engine\Render</Filter>
    </ClCompile>
    <ClCompile Include="Engine\Render\SpriteAnimDefinition.cpp">
      <Filter>Engine\Render</Filter>
    </ClCompile>
    <ClCompile Include="Engine\Render\GPUTexture.cpp">
      <Filter>Engine\Render</Filter>
    </ClCompile>
    <ClCompile Include="Engine\Render\VertexBuffer.cpp">
      <Filter>Engine\Render</Filter>
    </ClCompile>
    <ClCompile Include="Editor\Gizmos\EditorGizmos.cpp">
      <Filter>Editor\Gizmos</Filter>
    </ClCompile>
    <ClCompile Include="Editor\Gizmos\ViewportAxisIndicator.cpp">
      <Filter>Editor\Gizmos</Filter>
    </ClCompile>
    <ClCompile Include="Scene\3D\Camera3D.cpp">
      <Filter>Scene\3D</Filter>
    </ClCompile>
    <ClCompile Include="Scene\3D\Light3D.cpp">
      <Filter>Scene\3D</Filter>
    </ClCompile>
    <ClCompile Include="Scene\3D\Mesh3D.cpp">
      <Filter>Scene\3D</Filter>
    </ClCompile>
    <ClCompile Include="Scene\3D\Node3D.cpp">
      <Filter>Scene\3D</Filter>
    </ClCompile>
    <ClCompile Include="Scene\3D\Particles3D.cpp">
      <Filter>Scene\3D</Filter>
    </ClCompile>
    <ClCompile Include="Scene\Physics\AABBCollider3D.cpp">
      <Filter>Scene\Physics</Filter>
    </ClCompile>
    <ClCompile Include="Scene\Physics\CapsuleCollider3D.cpp">
      <Filter>Scene\Physics</Filter>
    </ClCompile>
    <ClCompile Include="Scene\Physics\Collider3D.cpp">
      <Filter>Scene\Physics</Filter>
    </ClCompile>
    <ClCompile Include="Scene\Physics\CylinderZCollider3D.cpp">
      <Filter>Scene\Physics</Filter>
    </ClCompile>
    <ClCompile Include="Scene\Physics\NodeRaycastUtils.cpp">
      <Filter>Scene\Physics</Filter>
    </ClCompile>
    <ClCompile Include="Scene\Physics\TriangleMeshCollider3D.cpp">
      <Filter>Scene\Physics</Filter>
    </ClCompile>
    <ClCompile Include="Scene\3D\Skybox3D.cpp">
      <Filter>Scene\3D</Filter>
    </ClCompile>
    <ClCompile Include="Scene\3D\Transform3D.cpp">
      <Filter>Scene\3D</Filter>
    </ClCompile>
    <ClCompile Include="Scene\3D\VisualizeInstance3D.cpp">
      <Filter>Scene\3D</Filter>
    </ClCompile>
    <ClCompile Include="Scene\3D\WorldEnvironment.cpp">
      <Filter>Scene\3D</Filter>
    </ClCompile>
    <ClCompile Include="EngineService\EngineService.cpp">
      <Filter>EngineService</Filter>
    </ClCompile>
    <ClCompile Include="Core\Object\ClassDatabase.cpp">
      <Filter>Core\Object</Filter>
    </ClCompile>
    <ClCompile Include="Scene\Core\Node.cpp">
      <Filter>Scene\Core</Filter>
    </ClCompile>
    <ClCompile Include="Scene\Core\NodeHandle.cpp">
      <Filter>Scene\Core</Filter>
    </ClCompile>
    <ClCompile Include="Scene\Core\PackedScene.cpp">
      <Filter>Scene\Core</Filter>
    </ClCompile>
    <ClCompile Include="Scene\Core\SceneTree.cpp">
      <Filter>Scene\Core</Filter>
    </ClCompile>
    <ClCompile Include="Scene\Core\Viewport.cpp">
      <Filter>Scene\Core</Filter>
    </ClCompile>
    <ClCompile Include="EngineService\RenderService.cpp">
      <Filter>EngineService</Filter>
    </ClCompile>
    <ClCompile Include="Scene\Resource\MeshResource.cpp">
      <Filter>Scene\Resource</Filter>
    </ClCompile>
    <ClCompile Include="Scene\Resource\MeshResourceFormat.cpp">
      <Filter>Scene\Resource</Filter>
    </ClCompile>
    <ClCompile Include="..\ThirdParty\imgui\backends\imgui_impl_dx11.cpp">
      <Filter>ThirdParty\imgui\backends</Filter>
    </ClCompile>
    <ClCompile Include="..\ThirdParty\imgui\backends\imgui_impl_glfw.cpp">
      <Filter>ThirdParty\imgui\backends</Filter>
    </ClCompile>
    <ClCompile Include="..\ThirdParty\imgui\imgui.cpp">
      <Filter>ThirdParty\imgui</Filter>
    </ClCompile>
    <ClCompile Include="..\ThirdParty\imgui\imgui_demo.cpp">
      <Filter>ThirdParty\imgui</Filter>
    </ClCompile>
    <ClCompile Include="..\ThirdParty\imgui\imgui_draw.cpp">
      <Filter>ThirdParty\imgui</Filter>
    </ClCompile>
    <ClCompile Include="..\ThirdParty\imgui\imgui_tables.cpp">
      <Filter>ThirdParty\imgui</Filter>
    </ClCompile>
    <ClCompile Include="..\ThirdParty\imgui\imgui_widgets.cpp">
      <Filter>ThirdParty\imgui</Filter>
    </ClCompile>
    <ClCompile Include="..\ThirdParty\imgui\misc\cpp\imgui_stdlib.cpp">
      <Filter>ThirdParty\imgui\misc\cpp</Filter>
    </ClCompile>
    <ClCompile Include="..\ThirdParty\tinyxml2\tinyxml2.cpp">
      <Filter>ThirdParty\tinyxml2</Filter>
    </ClCompile>
    <ClCompile Include="Engine\Application\App.cpp">
      <Filter>Engine\Application</Filter>
    </ClCompile>
    <ClCompile Include="Core\Object\Variant.cpp">
      <Filter>Core\Object</Filter>
    </ClCompile>
    <ClCompile Include="Core\Object\VariantJson.cpp">
      <Filter>Core\Object</Filter>
    </ClCompile>
    <ClCompile Include="Core\Object\MethodBind.cpp">
      <Filter>Core\Object</Filter>
    </ClCompile>
    <ClCompile Include="Editor\Gizmos\GizmosShapes.cpp">
      <Filter>Editor\Gizmos</Filter>
    </ClCompile>
    <ClCompile Include="Scene\Core\NodePath.cpp">
      <Filter>Scene\Core</Filter>
    </ClCompile>
    <ClCompile Include="Engine\File\FileSystem.cpp">
      <Filter>Engine\File</Filter>
    </ClCompile>
    <ClCompile Include="Engine\Script\ScriptSystem.cpp">
      <Filter>Engine\Script</Filter>
    </ClCompile>
    <ClCompile Include="Engine\Script\ScriptInstance.cpp">
      <Filter>Engine\Script</Filter>
    </ClCompile>
    <ClCompile Include="Core\Object\Object.cpp">
      <Filter>Core\Object</Filter>
    </ClCompile>
    <ClCompile Include="Scene\RegisterAllTypes.cpp">
      <Filter>Scene</Filter>
    </ClCompile>
    <ClCompile Include="Scene\RegisterSceneTypes.cpp">
      <Filter>Scene</Filter>
    </ClCompile>
    <ClCompile Include="..\ThirdParty\angelscript\add_on\scriptstdstring\scriptstdstring.cpp">
      <Filter>ThirdParty\angelscript\add_on</Filter>
    </ClCompile>
    <ClCompile Include="..\ThirdParty\angelscript\add_on\scriptstdstring\scriptstdstring_utils.cpp">
      <Filter>ThirdParty\angelscript\add_on</Filter>
    </ClCompile>
    <ClCompile Include="Engine\Script\ScriptBinder.cpp">
      <Filter>Engine\Script</Filter>
    </ClCompile>
    <ClCompile Include="Engine\Script\ScriptGenerator.cpp">
      <Filter>Engine\Script</Filter>
    </ClCompile>
    <ClCompile Include="Engine\Script\ScriptTypeUtils.cpp">
      <Filter>Engine\Script</Filter>
    </ClCompile>
    <ClCompile Include="Core\Object\RefCounted.cpp">
      <Filter>Core\Object</Filter>
    </ClCompile>
    <ClCompile Include="Core\Object\Resource.cpp">
      <Filter>Core\Object</Filter>
    </ClCompile>
    <ClCompile Include="Core\Object\ResourceImporter.cpp">
      <Filter>Core\Object</Filter>
    </ClCompile>
    <ClCompile Include="Core\Object\ResourceLoader.cpp">
      <Filter>Core\Object</Filter>
    </ClCompile>
    <ClCompile Include="Core\Object\ResourceSaver.cpp">
      <Filter>Core\Object</Filter>
    </ClCompile>
    <ClCompile Include="Core\Object\Script.cpp">
      <Filter>Core\Object</Filter>
    </ClCompile>
    <ClCompile Include="Core\Object\ScriptLoader.cpp">
      <Filter>Core\Object</Filter>
    </ClCompile>
    <ClCompile Include="Scene\Core\PackedSceneFormat.cpp">
      <Filter>Scene\Core</Filter>
    </ClCompile>
    <ClCompile Include="Core\Object\RegisterCoreTypes.cpp">
      <Filter>Core\Object</Filter>
    </ClCompile>
    <ClCompile Include="Engine\Application\RegisterEngineTypes.cpp">
      <Filter>Engine\Application</Filter>
    </ClCompile>
    <ClCompile Include="Engine\Script\RegisterBuildinType.cpp">
      <Filter>Engine\Script</Filter>
    </ClCompile>
    <ClCompile Include="..\ThirdParty\angelscript\add_on\scriptarray\scriptarray.cpp">
      <Filter>ThirdParty\angelscript\add_on</Filter>
    </ClCompile>
    <ClCompile Include="..\ThirdParty\angelscript\add_on\debugger\debugger.cpp">
      <Filter>ThirdParty\angelscript\add_on</Filter>
    </ClCompile>
    <ClCompile Include="..\ThirdParty\angelscript\add_on\scriptbuilder\scriptbuilder.cpp">
      <Filter>ThirdParty\angelscript\add_on</Filter>
    </ClCompile>
    <ClCompile Include="..\ThirdParty\angelscript\add_on\scriptdictionary\scriptdictionary.cpp">
      <Filter>ThirdParty\angelscript\add_on</Filter>
    </ClCompile>
    <ClCompile Include="Scene\Import\GLTFImporter.cpp">
      <Filter>Scene\Import</Filter>
    </ClCompile>
    <ClCompile Include="Scene\Import\OBJImporter.cpp">
      <Filter>Scene\Import</Filter>
    </ClCompile>
    <ClCompile Include="Engine\File\FileUtils.cpp">
      <Filter>Engine\File</Filter>
    </ClCompile>
    <ClCompile Include="Scene\Core\RaycastSpace3D.cpp">
      <Filter>Scene\Core</Filter>
    </ClCompile>
    <ClCompile Include="Editor\EditorData.cpp">
      <Filter>Editor</Filter>
    </ClCompile>
    <ClCompile Include="Scene\Import\ImageImporter.cpp">
      <Filter>Scene\Import</Filter>
    </ClCompile>
    <ClCompile Include="Scene\Resource\TextureResource.cpp">
      <Filter>Scene\Resource</Filter>
    </ClCompile>
    <ClCompile Include="Scene\Resource\TextureResourceFormat.cpp">
      <Filter>Scene\Resource</Filter>
    </ClCompile>
  </ItemGroup>
  <ItemGroup>
    <ClInclude Include="Core\Clock.hpp">
      <Filter>Core</Filter>
    </ClInclude>
    <ClInclude Include="EngineService\DevConsole.hpp">
      <Filter>Engine\Console</Filter>
    </ClInclude>
    <ClInclude Include="Engine\Application\Engine.hpp">
      <Filter>Engine\Application</Filter>
    </ClInclude>
    <ClInclude Include="Engine\Application\EngineBuildPreferences.hpp">
      <Filter>Engine\Application</Filter>
    </ClInclude>
    <ClInclude Include="Engine\Application\EngineCommon.hpp">
      <Filter>Engine\Application</Filter>
    </ClInclude>
    <ClInclude Include="Engine\Application\SystemBase.hpp">
      <Filter>Engine\Application</Filter>
    </ClInclude>
    <ClInclude Include="Core\ErrorWarningAssert.hpp">
      <Filter>Core</Filter>
    </ClInclude>
    <ClInclude Include="Engine\Event\EventSystem.hpp">
      <Filter>Engine\Event</Filter>
    </ClInclude>
    <ClInclude Include="Engine\Render\HeatMaps.hpp">
      <Filter>Engine\Render</Filter>
    </ClInclude>
    <ClInclude Include="Core\Image.hpp">
      <Filter>Core</Filter>
    </ClInclude>
    <ClInclude Include="Core\NamedStrings.hpp">
      <Filter>Core</Filter>
    </ClInclude>
    <ClInclude Include="Core\Render\Rgba8.hpp">
      <Filter>Core\Render</Filter>
    </ClInclude>
    <ClInclude Include="Core\StringUtils.hpp">
      <Filter>Core</Filter>
    </ClInclude>
    <ClInclude Include="Core\Time.hpp">
      <Filter>Core</Filter>
    </ClInclude>
    <ClInclude Include="Core\Timer.hpp">
      <Filter>Core</Filter>
    </ClInclude>
    <ClInclude Include="Core\Render\Vertex.hpp">
      <Filter>Core\Render</Filter>
    </ClInclude>
    <ClInclude Include="Core\Render\VertexUtils.hpp">
      <Filter>Core\Render</Filter>
    </ClInclude>
    <ClInclude Include="Core\XmlUtils.hpp">
      <Filter>Core</Filter>
    </ClInclude>
    <ClInclude Include="Editor\EditorCamera.hpp">
      <Filter>Editor</Filter>
    </ClInclude>
    <ClInclude Include="Editor\EditorNode.hpp">
      <Filter>Editor</Filter>
    </ClInclude>
    <ClInclude Include="Editor\UI\CreateNodePanel.hpp">
      <Filter>Editor\UI</Filter>
    </ClInclude>
    <ClInclude Include="Editor\UI\EditorIcons.hpp">
      <Filter>Editor\UI</Filter>
    </ClInclude>
    <ClInclude Include="Editor\UI\EditorPanel.hpp">
      <Filter>Editor\UI</Filter>
    </ClInclude>
    <ClInclude Include="Editor\UI\EditorUI.hpp">
      <Filter>Editor\UI</Filter>
    </ClInclude>
    <ClInclude Include="Editor\UI\EditorUIContext.hpp">
      <Filter>Editor\UI</Filter>
    </ClInclude>
    <ClInclude Include="Editor\UI\EditorUIStyle.hpp">
      <Filter>Editor\UI</Filter>
    </ClInclude>
    <ClInclude Include="Editor\UI\EditorUIWidgets.hpp">
      <Filter>Editor\UI</Filter>
    </ClInclude>
    <ClInclude Include="Editor\UI\FileSystemPanel.hpp">
      <Filter>Editor\UI</Filter>
    </ClInclude>
    <ClInclude Include="Editor\UI\ImportPanel.hpp">
      <Filter>Editor\UI</Filter>
    </ClInclude>
    <ClInclude Include="Editor\UI\InspectorPanel.hpp">
      <Filter>Editor\UI</Filter>
    </ClInclude>
    <ClInclude Include="Editor\UI\OutputPanel.hpp">
      <Filter>Editor\UI</Filter>
    </ClInclude>
    <ClInclude Include="Editor\UI\ScenePanel.hpp">
      <Filter>Editor\UI</Filter>
    </ClInclude>
    <ClInclude Include="Editor\UI\ViewportPanel.hpp">
      <Filter>Editor\UI</Filter>
    </ClInclude>
    <ClInclude Include="Editor\Gizmos\GizmoComponent.hpp">
      <Filter>Editor\Gizmos</Filter>
    </ClInclude>
    <ClInclude Include="Editor\Gizmos\GizmoRaycastObject.hpp">
      <Filter>Editor\Gizmos</Filter>
    </ClInclude>
    <ClInclude Include="Editor\Gizmos\TransformGizmo3D.hpp">
      <Filter>Editor\Gizmos</Filter>
    </ClInclude>
    <ClInclude Include="Engine\ImGui\ImGuiSystem.hpp">
      <Filter>Engine\ImGui</Filter>
    </ClInclude>
    <ClInclude Include="Core\Math\AABB2.hpp">
      <Filter>Core\Math</Filter>
    </ClInclude>
    <ClInclude Include="Core\Math\AABB3.hpp">
      <Filter>Core\Math</Filter>
    </ClInclude>
    <ClInclude Include="Core\Math\Capsule2.hpp">
      <Filter>Core\Math</Filter>
    </ClInclude>
    <ClInclude Include="Core\Math\Capsule3.hpp">
      <Filter>Core\Math</Filter>
    </ClInclude>
    <ClInclude Include="Core\Math\Cone3.hpp">
      <Filter>Core\Math</Filter>
    </ClInclude>
    <ClInclude Include="Core\Math\Cylinder3.hpp">
      <Filter>Core\Math</Filter>
    </ClInclude>
    <ClInclude Include="Core\Math\CylinderZ3.hpp">
      <Filter>Core\Math</Filter>
    </ClInclude>
    <ClInclude Include="Core\Math\Disc2.hpp">
      <Filter>Core\Math</Filter>
    </ClInclude>
    <ClInclude Include="Core\Math\EulerAngles.hpp">
      <Filter>Core\Math</Filter>
    </ClInclude>
    <ClInclude Include="Core\Math\FloatRange.hpp">
      <Filter>Core\Math</Filter>
    </ClInclude>
    <ClInclude Include="Core\Math\IntRange.hpp">
      <Filter>Core\Math</Filter>
    </ClInclude>
    <ClInclude Include="Core\Math\IntVec2.hpp">
      <Filter>Core\Math</Filter>
    </ClInclude>
    <ClInclude Include="Core\Math\IntVec3.hpp">
      <Filter>Core\Math</Filter>
    </ClInclude>
    <ClInclude Include="Core\Math\LineSegment2.hpp">
      <Filter>Core\Math</Filter>
    </ClInclude>
    <ClInclude Include="Core\Math\MathCommon.hpp">
      <Filter>Core\Math</Filter>
    </ClInclude>
    <ClInclude Include="Core\Math\MathUtils.hpp">
      <Filter>Core\Math</Filter>
    </ClInclude>
    <ClInclude Include="Core\Math\Matrix4x4.hpp">
      <Filter>Core\Math</Filter>
    </ClInclude>
    <ClInclude Include="Core\Math\OBB2.hpp">
      <Filter>Core\Math</Filter>
    </ClInclude>
    <ClInclude Include="Core\Math\Quad3.hpp">
      <Filter>Core\Math</Filter>
    </ClInclude>
    <ClInclude Include="Core\Math\RandomNumberGenerator.hpp">
      <Filter>Core\Math</Filter>
    </ClInclude>
    <ClInclude Include="Core\Math\RaycastUtils.hpp">
      <Filter>Core\Math</Filter>
    </ClInclude>
    <ClInclude Include="Core\Math\Sphere3.hpp">
      <Filter>Core\Math</Filter>
    </ClInclude>
    <ClInclude Include="Core\Math\Triangle2.hpp">
      <Filter>Core\Math</Filter>
    </ClInclude>
    <ClInclude Include="Core\Math\Triangle3.hpp">
      <Filter>Core\Math</Filter>
    </ClInclude>
    <ClInclude Include="Core\Math\Vec2.hpp">
      <Filter>Core\Math</Filter>
    </ClInclude>
    <ClInclude Include="Core\Math\Vec3.hpp">
      <Filter>Core\Math</Filter>
    </ClInclude>
    <ClInclude Include="Core\Math\Vec4.hpp">
      <Filter>Core\Math</Filter>
    </ClInclude>
    <ClInclude Include="Engine\Audio\AudioSystem.hpp">
      <Filter>Engine\Audio</Filter>
    </ClInclude>
    <ClInclude Include="Engine\Input\AnalogJoystick.hpp">
      <Filter>Engine\Input</Filter>
    </ClInclude>
    <ClInclude Include="Engine\Input\InputSystem.hpp">
      <Filter>Engine\Input</Filter>
    </ClInclude>
    <ClInclude Include="Engine\Input\KeyboardState.hpp">
      <Filter>Engine\Input</Filter>
    </ClInclude>
    <ClInclude Include="Engine\Input\XboxController.hpp">
      <Filter>Engine\Input</Filter>
    </ClInclude>
    <ClInclude Include="Engine\Window\WindowSystem.hpp">
      <Filter>Engine\Window</Filter>
    </ClInclude>
    <ClInclude Include="Engine\Render\BitmapFont.hpp">
      <Filter>Engine\Render</Filter>
    </ClInclude>
    <ClInclude Include="Engine\Render\CameraContext.hpp">
      <Filter>Engine\Render</Filter>
    </ClInclude>
    <ClInclude Include="Engine\Render\ConstantBuffer.hpp">
      <Filter>Engine\Render</Filter>
    </ClInclude>
    <ClInclude Include="Engine\Render\D3D11RenderBackend.hpp">
      <Filter>Engine\Render</Filter>
    </ClInclude>
    <ClInclude Include="Engine\Render\DebugGizmos.hpp">
      <Filter>Engine\Render</Filter>
    </ClInclude>
    <ClInclude Include="Engine\Render\DebugObject.hpp">
      <Filter>Engine\Render</Filter>
    </ClInclude>
    <ClInclude Include="Engine\Render\IndexBuffer.hpp">
      <Filter>Engine\Render</Filter>
    </ClInclude>
    <ClInclude Include="Engine\Render\PostProcessChain.hpp">
      <Filter>Engine\Render</Filter>
    </ClInclude>
    <ClInclude Include="Engine\Render\RenderContext.hpp">
      <Filter>Engine\Render</Filter>
    </ClInclude>
    <ClInclude Include="Engine\Render\Renderer.hpp">
      <Filter>Engine\Render</Filter>
    </ClInclude>
    <ClInclude Include="Engine\Render\Shader.hpp">
      <Filter>Engine\Render</Filter>
    </ClInclude>
    <ClInclude Include="Engine\Render\SpriteAnimDefinition.hpp">
      <Filter>Engine\Render</Filter>
    </ClInclude>
    <ClInclude Include="Engine\Render\GPUTexture.hpp">
      <Filter>Engine\Render</Filter>
    </ClInclude>
    <ClInclude Include="Engine\Render\VertexBuffer.hpp">
      <Filter>Engine\Render</Filter>
    </ClInclude>
    <ClInclude Include="Editor\Gizmos\EditorGizmos.hpp">
      <Filter>Editor\Gizmos</Filter>
    </ClInclude>
    <ClInclude Include="Editor\Gizmos\ViewportAxisIndicator.hpp">
      <Filter>Editor\Gizmos</Filter>
    </ClInclude>
    <ClInclude Include="Scene\3D\Camera3D.hpp">
      <Filter>Scene\3D</Filter>
    </ClInclude>
    <ClInclude Include="Scene\3D\Light3D.hpp">
      <Filter>Scene\3D</Filter>
    </ClInclude>
    <ClInclude Include="Scene\3D\Mesh3D.hpp">
      <Filter>Scene\3D</Filter>
    </ClInclude>
    <ClInclude Include="Scene\3D\Node3D.hpp">
      <Filter>Scene\3D</Filter>
    </ClInclude>
    <ClInclude Include="Scene\3D\Particles3D.hpp">
      <Filter>Scene\3D</Filter>
    </ClInclude>
    <ClInclude Include="Scene\Physics\AABBCollider3D.hpp">
      <Filter>Scene\Physics</Filter>
    </ClInclude>
    <ClInclude Include="Scene\Physics\CapsuleCollider3D.hpp">
      <Filter>Scene\Physics</Filter>
    </ClInclude>
    <ClInclude Include="Scene\Physics\Collider3D.hpp">
      <Filter>Scene\Physics</Filter>
    </ClInclude>
    <ClInclude Include="Scene\Physics\CylinderZCollider3D.hpp">
      <Filter>Scene\Physics</Filter>
    </ClInclude>
    <ClInclude Include="Scene\Physics\NodeRaycastUtils.hpp">
      <Filter>Scene\Physics</Filter>
    </ClInclude>
    <ClInclude Include="Scene\Physics\TriangleMeshCollider3D.hpp">
      <Filter>Scene\Physics</Filter>
    </ClInclude>
    <ClInclude Include="Scene\3D\Skybox3D.hpp">
      <Filter>Scene\3D</Filter>
    </ClInclude>
    <ClInclude Include="Scene\3D\Transform3D.hpp">
      <Filter>Scene\3D</Filter>
    </ClInclude>
    <ClInclude Include="Scene\3D\VisualizeInstance3D.hpp">
      <Filter>Scene\3D</Filter>
    </ClInclude>
    <ClInclude Include="Scene\3D\WorldEnvironment.hpp">
      <Filter>Scene\3D</Filter>
    </ClInclude>
    <ClInclude Include="EngineService\EngineService.hpp">
      <Filter>EngineService</Filter>
    </ClInclude>
    <ClInclude Include="Core\Object\ClassDatabase.hpp">
      <Filter>Core\Object</Filter>
    </ClInclude>
    <ClInclude Include="Scene\Core\Node.hpp">
      <Filter>Scene\Core</Filter>
    </ClInclude>
    <ClInclude Include="Scene\Core\NodePath.hpp">
      <Filter>Scene\Core</Filter>
    </ClInclude>
    <ClInclude Include="Scene\Core\NodeHandle.hpp">
      <Filter>Scene\Core</Filter>
    </ClInclude>
    <ClInclude Include="Scene\Core\PackedScene.hpp">
      <Filter>Scene\Core</Filter>
    </ClInclude>
    <ClInclude Include="Scene\Core\SceneTree.hpp">
      <Filter>Scene\Core</Filter>
    </ClInclude>
    <ClInclude Include="Scene\Core\Viewport.hpp">
      <Filter>Scene\Core</Filter>
    </ClInclude>
    <ClInclude Include="EngineService\RenderService.hpp">
      <Filter>EngineService</Filter>
    </ClInclude>
    <ClInclude Include="Scene\Resource\MeshResource.hpp">
      <Filter>Scene\Resource</Filter>
    </ClInclude>
    <ClInclude Include="Scene\Resource\MeshResourceFormat.hpp">
      <Filter>Scene\Resource</Filter>
    </ClInclude>
    <ClInclude Include="..\ThirdParty\FastNoiseLite\FastNoiseLite.h">
      <Filter>ThirdParty\FastNoiseLite</Filter>
    </ClInclude>
    <ClInclude Include="..\ThirdParty\fmod\fmod.h">
      <Filter>ThirdParty\fmod</Filter>
    </ClInclude>
    <ClInclude Include="..\ThirdParty\fmod\fmod.hpp">
      <Filter>ThirdParty\fmod</Filter>
    </ClInclude>
    <ClInclude Include="..\ThirdParty\fmod\fmod_codec.h">
      <Filter>ThirdParty\fmod</Filter>
    </ClInclude>
    <ClInclude Include="..\ThirdParty\fmod\fmod_common.h">
      <Filter>ThirdParty\fmod</Filter>
    </ClInclude>
    <ClInclude Include="..\ThirdParty\fmod\fmod_dsp.h">
      <Filter>ThirdParty\fmod</Filter>
    </ClInclude>
    <ClInclude Include="..\ThirdParty\fmod\fmod_dsp_effects.h">
      <Filter>ThirdParty\fmod</Filter>
    </ClInclude>
    <ClInclude Include="..\ThirdParty\fmod\fmod_errors.h">
      <Filter>ThirdParty\fmod</Filter>
    </ClInclude>
    <ClInclude Include="..\ThirdParty\fmod\fmod_output.h">
      <Filter>ThirdParty\fmod</Filter>
    </ClInclude>
    <ClInclude Include="..\ThirdParty\GLFW\glfw3.h">
      <Filter>ThirdParty\GLFW</Filter>
    </ClInclude>
    <ClInclude Include="..\ThirdParty\GLFW\glfw3native.h">
      <Filter>ThirdParty\GLFW</Filter>
    </ClInclude>
    <ClInclude Include="..\ThirdParty\imgui\backends\imgui_impl_dx11.h">
      <Filter>ThirdParty\imgui\backends</Filter>
    </ClInclude>
    <ClInclude Include="..\ThirdParty\imgui\backends\imgui_impl_glfw.h">
      <Filter>ThirdParty\imgui\backends</Filter>
    </ClInclude>
    <ClInclude Include="..\ThirdParty\imgui\imconfig.h">
      <Filter>ThirdParty\imgui</Filter>
    </ClInclude>
    <ClInclude Include="..\ThirdParty\imgui\imgui.h">
      <Filter>ThirdParty\imgui</Filter>
    </ClInclude>
    <ClInclude Include="..\ThirdParty\imgui\imgui_internal.h">
      <Filter>ThirdParty\imgui</Filter>
    </ClInclude>
    <ClInclude Include="..\ThirdParty\imgui\imstb_rectpack.h">
      <Filter>ThirdParty\imgui</Filter>
    </ClInclude>
    <ClInclude Include="..\ThirdParty\imgui\imstb_textedit.h">
      <Filter>ThirdParty\imgui</Filter>
    </ClInclude>
    <ClInclude Include="..\ThirdParty\imgui\imstb_truetype.h">
      <Filter>ThirdParty\imgui</Filter>
    </ClInclude>
    <ClInclude Include="..\ThirdParty\imgui\misc\cpp\imgui_stdlib.h">
      <Filter>ThirdParty\imgui\misc\cpp</Filter>
    </ClInclude>
    <ClInclude Include="..\ThirdParty\imgui\misc\freetype\imgui_freetype.h">
      <Filter>ThirdParty\imgui\misc\freetype</Filter>
    </ClInclude>
    <ClInclude Include="..\ThirdParty\imgui\misc\single_file\imgui_single_file.h">
      <Filter>ThirdParty\imgui\misc\single_file</Filter>
    </ClInclude>
    <ClInclude Include="..\ThirdParty\nlohmann\json.hpp">
      <Filter>ThirdParty\nlohmann</Filter>
    </ClInclude>
    <ClInclude Include="..\ThirdParty\stb\stb_image.h">
      <Filter>ThirdParty\stb</Filter>
    </ClInclude>
    <ClInclude Include="..\ThirdParty\tinygltf\tiny_gltf_v3.h">
      <Filter>ThirdParty\tinygltf</Filter>
    </ClInclude>
    <ClInclude Include="..\ThirdParty\tinygltf\tinygltf_json.h">
      <Filter>ThirdParty\tinygltf</Filter>
    </ClInclude>
    <ClInclude Include="..\ThirdParty\tinyxml2\tinyxml2.h">
      <Filter>ThirdParty\tinyxml2</Filter>
    </ClInclude>
    <ClInclude Include="Engine\Application\App.hpp">
      <Filter>Engine\Application</Filter>
    </ClInclude>
    <ClInclude Include="Core\Object\Variant.hpp">
      <Filter>Core\Object</Filter>
    </ClInclude>
    <ClInclude Include="Core\Object\VariantJson.hpp">
      <Filter>Core\Object</Filter>
    </ClInclude>
    <ClInclude Include="Core\Object\MethodBind.hpp">
      <Filter>Core\Object</Filter>
    </ClInclude>
    <ClInclude Include="Editor\Gizmos\GizmosShapes.hpp">
      <Filter>Editor\Gizmos</Filter>
    </ClInclude>
    <ClInclude Include="Editor\UI\InspectorPropertyVec3.hpp">
      <Filter>Editor\UI</Filter>
    </ClInclude>
    <ClInclude Include="Editor\UI\InspectorProperty.hpp">
      <Filter>Editor\UI</Filter>
    </ClInclude>
    <ClInclude Include="Editor\UI\InspectorPropertyBool.hpp">
      <Filter>Editor\UI</Filter>
    </ClInclude>
    <ClInclude Include="Editor\UI\InspectorPropertyEuler.hpp">
      <Filter>Editor\UI</Filter>
    </ClInclude>
    <ClInclude Include="Editor\UI\InspectorPropertyFloat.hpp">
      <Filter>Editor\UI</Filter>
    </ClInclude>
    <ClInclude Include="Editor\UI\InspectorPropertyInt.hpp">
      <Filter>Editor\UI</Filter>
    </ClInclude>
    <ClInclude Include="Editor\UI\InspectorPropertyResource.hpp">
      <Filter>Editor\UI</Filter>
    </ClInclude>
    <ClInclude Include="Editor\UI\InspectorPropertyString.hpp">
      <Filter>Editor\UI</Filter>
    </ClInclude>
    <ClInclude Include="Engine\File\FileSystem.hpp">
      <Filter>Engine\File</Filter>
    </ClInclude>
    <ClInclude Include="Engine\Script\ScriptSystem.hpp">
      <Filter>Engine\Script</Filter>
    </ClInclude>
    <ClInclude Include="Engine\Script\ScriptTypeUtils.hpp">
      <Filter>Engine\Script</Filter>
    </ClInclude>
    <ClInclude Include="Engine\Script\ScriptInstance.hpp">
      <Filter>Engine\Script</Filter>
    </ClInclude>
    <ClInclude Include="Core\Object\Object.hpp">
      <Filter>Core\Object</Filter>
    </ClInclude>
    <ClInclude Include="Scene\RegisterAllTypes.hpp">
      <Filter>Scene</Filter>
    </ClInclude>
    <ClInclude Include="..\ThirdParty\angelscript\include\angelscript.h">
      <Filter>ThirdParty\angelscript\include</Filter>
    </ClInclude>
    <ClInclude Include="..\ThirdParty\angelscript\add_on\scriptstdstring\scriptstdstring.h">
      <Filter>ThirdParty\angelscript\add_on</Filter>
    </ClInclude>
    <ClInclude Include="Engine\Script\ScriptBinder.hpp">
      <Filter>Engine\Script</Filter>
    </ClInclude>
    <ClInclude Include="Engine\Script\ScriptGenerator.hpp">
      <Filter>Engine\Script</Filter>
    </ClInclude>
    <ClInclude Include="..\ThirdParty\nanosvg\nanosvg.h">
      <Filter>ThirdParty\nanosvg</Filter>
    </ClInclude>
    <ClInclude Include="..\ThirdParty\nanosvg\nanosvgrast.h">
      <Filter>ThirdParty\nanosvg</Filter>
    </ClInclude>
    <ClInclude Include="Core\Object\RefCounted.hpp">
      <Filter>Core\Object</Filter>
    </ClInclude>
    <ClInclude Include="Core\Object\Resource.hpp">
      <Filter>Core\Object</Filter>
    </ClInclude>
    <ClInclude Include="Core\Object\ResourceImporter.hpp">
      <Filter>Core\Object</Filter>
    </ClInclude>
    <ClInclude Include="Core\Object\ResourceLoader.hpp">
      <Filter>Core\Object</Filter>
    </ClInclude>
    <ClInclude Include="Core\Object\ResourceSaver.hpp">
      <Filter>Core\Object</Filter>
    </ClInclude>
    <ClInclude Include="Core\Object\Script.hpp">
      <Filter>Core\Object</Filter>
    </ClInclude>
    <ClInclude Include="Core\Object\ScriptLoader.hpp">
      <Filter>Core\Object</Filter>
    </ClInclude>
    <ClInclude Include="Scene\Core\PackedSceneFormat.hpp">
      <Filter>Scene\Core</Filter>
    </ClInclude>
    <ClInclude Include="Engine\Script\RegisterBuildinType.hpp">
      <Filter>Engine\Script</Filter>
    </ClInclude>
    <ClInclude Include="..\ThirdParty\angelscript\add_on\scriptarray\scriptarray.h">
      <Filter>ThirdParty\angelscript\add_on</Filter>
    </ClInclude>
    <ClInclude Include="..\ThirdParty\angelscript\add_on\debugger\debugger.h">
      <Filter>ThirdParty\angelscript\add_on</Filter>
    </ClInclude>
    <ClInclude Include="..\ThirdParty\angelscript\add_on\scriptbuilder\scriptbuilder.h">
      <Filter>ThirdParty\angelscript\add_on</Filter>
    </ClInclude>
    <ClInclude Include="..\ThirdParty\angelscript\add_on\scriptdictionary\scriptdictionary.h">
      <Filter>ThirdParty\angelscript\add_on</Filter>
    </ClInclude>
    <ClInclude Include="Scene\Import\GLTFImporter.hpp">
      <Filter>Scene\Import</Filter>
    </ClInclude>
    <ClInclude Include="Scene\Import\OBJImporter.hpp">
      <Filter>Scene\Import</Filter>
    </ClInclude>
    <ClInclude Include="Engine\File\FileUtils.hpp">
      <Filter>Engine\File</Filter>
    </ClInclude>
    <ClInclude Include="Scene\Core\RaycastSpace3D.hpp">
      <Filter>Scene\Core</Filter>
    </ClInclude>
    <ClInclude Include="Editor\EditorData.hpp">
      <Filter>Editor</Filter>
    </ClInclude>
    <ClInclude Include="Scene\Import\ImageImporter.hpp">
      <Filter>Scene\Import</Filter>
    </ClInclude>
    <ClInclude Include="Scene\Resource\TextureResource.hpp">
      <Filter>Scene\Resource</Filter>
    </ClInclude>
    <ClInclude Include="Scene\Resource\TextureResourceFormat.hpp">
      <Filter>Scene\Resource</Filter>
    </ClInclude>
  </ItemGroup>
</Project>